<?xml version="1.0" encoding="utf-8"?>
<Project ToolsVersion="4.0" xmlns="http://schemas.microsoft.com/developer/msbuild/2003">
  <ItemGroup>
    <Filter Include="Source Files">
      <UniqueIdentifier>{4FC737F1-C7A5-4376-A066-2A32D752A2FF}</UniqueIdentifier>
      <Extensions>cpp;c;cc;cxx;def;odl;idl;hpj;bat;asm;asmx</Extensions>
    </Filter>
    <Filter Include="Source Files\core">
      <UniqueIdentifier>{b97f9328-b1dd-48a2-a314-3dcbda8a4867}</UniqueIdentifier>
    </Filter>
    <Filter Include="Source Files\interface">
      <UniqueIdentifier>{5263e4e4-6945-40d3-9ad2-714eaf230b15}</UniqueIdentifier>
    </Filter>
    <Filter Include="Source Files\gui">
      <UniqueIdentifier>{250c847a-4ba6-403c-9f89-8526afbd7fcd}</UniqueIdentifier>
    </Filter>
    <Filter Include="Header Files">
      <UniqueIdentifier>{93995380-89BD-4b04-88EB-625FBE52EBFB}</UniqueIdentifier>
      <Extensions>h;hpp;hxx;hm;inl;inc;xsd</Extensions>
    </Filter>
    <Filter Include="Resource Files">
      <UniqueIdentifier>{67DA6AB6-F800-4c08-8B7A-83BB121AAD01}</UniqueIdentifier>
      <Extensions>rc;ico;cur;bmp;dlg;rc2;rct;bin;rgs;gif;jpg;jpeg;jpe;resx;tiff;tif;png;wav</Extensions>
    </Filter>
    <Filter Include="SQLITE3">
      <UniqueIdentifier>{1cf54115-1f80-4738-9cd4-eae854580ce2}</UniqueIdentifier>
    </Filter>
  </ItemGroup>
  <ItemGroup>
    <ClCompile Include="src\kat5200.c">
      <Filter>Source Files</Filter>
    </ClCompile>
    <ClCompile Include="src\core\antic.c">
      <Filter>Source Files\core</Filter>
    </ClCompile>
    <ClCompile Include="src\core\boom6502.c">
      <Filter>Source Files\core</Filter>
    </ClCompile>
    <ClCompile Include="src\core\cart.c">
      <Filter>Source Files\core</Filter>
    </ClCompile>
    <ClCompile Include="src\core\console.c">
      <Filter>Source Files\core</Filter>
    </ClCompile>
    <ClCompile Include="src\core\debug.c">
      <Filter>Source Files\core</Filter>
    </ClCompile>
    <ClCompile Include="src\core\gtia.c">
      <Filter>Source Files\core</Filter>
    </ClCompile>
    <ClCompile Include="src\core\memory.c">
      <Filter>Source Files\core</Filter>
    </ClCompile>
    <ClCompile Include="src\core\pia.c">
      <Filter>Source Files\core</Filter>
    </ClCompile>
    <ClCompile Include="src\core\pokey.c">
      <Filter>Source Files\core</Filter>
    </ClCompile>
    <ClCompile Include="src\core\pokeysound.c">
      <Filter>Source Files\core</Filter>
    </ClCompile>
    <ClCompile Include="src\core\sio.c">
      <Filter>Source Files\core</Filter>
    </ClCompile>
    <ClCompile Include="src\interface\atari_ntsc.c">
      <Filter>Source Files\interface</Filter>
    </ClCompile>
    <ClCompile Include="src\interface\db_if.c">
      <Filter>Source Files\interface</Filter>
    </ClCompile>
    <ClCompile Include="src\interface\input.c">
      <Filter>Source Files\interface</Filter>
    </ClCompile>
    <ClCompile Include="src\interface\kconfig.c">
      <Filter>Source Files\interface</Filter>
    </ClCompile>
    <ClCompile Include="src\interface\logger.c">
      <Filter>Source Files\interface</Filter>
    </ClCompile>
    <ClCompile Include="src\interface\md5.c">
      <Filter>Source Files\interface</Filter>
    </ClCompile>
    <ClCompile Include="src\interface\media.c">
      <Filter>Source Files\interface</Filter>
    </ClCompile>
    <ClCompile Include="src\interface\palette.c">
      <Filter>Source Files\interface</Filter>
    </ClCompile>
    <ClCompile Include="src\interface\sdl_if.c">
      <Filter>Source Files\interface</Filter>
    </ClCompile>
    <ClCompile Include="src\interface\sha1.c">
      <Filter>Source Files\interface</Filter>
    </ClCompile>
    <ClCompile Include="src\interface\sound.c">
      <Filter>Source Files\interface</Filter>
    </ClCompile>
    <ClCompile Include="src\interface\states.c">
      <Filter>Source Files\interface</Filter>
    </ClCompile>
    <ClCompile Include="src\interface\ui.c">
      <Filter>Source Files\interface</Filter>
    </ClCompile>
    <ClCompile Include="src\interface\util.c">
      <Filter>Source Files\interface</Filter>
    </ClCompile>
    <ClCompile Include="src\interface\video.c">
      <Filter>Source Files\interface</Filter>
    </ClCompile>
    <ClCompile Include="src\gui\bioscfg.cpp">
      <Filter>Source Files\gui</Filter>
    </ClCompile>
    <ClCompile Include="src\gui\convert.cpp">
      <Filter>Source Files\gui</Filter>
    </ClCompile>
    <ClCompile Include="src\gui\decoration.cpp">
      <Filter>Source Files\gui</Filter>
    </ClCompile>
    <ClCompile Include="src\gui\filebrowser.cpp">
      <Filter>Source Files\gui</Filter>
    </ClCompile>
    <ClCompile Include="src\gui\genericmessage.cpp">
      <Filter>Source Files\gui</Filter>
    </ClCompile>
    <ClCompile Include="src\gui\gui.cpp">
      <Filter>Source Files\gui</Filter>
    </ClCompile>
    <ClCompile Include="src\gui\guiinputbutton.cpp">
      <Filter>Source Files\gui</Filter>
    </ClCompile>
    <ClCompile Include="src\gui\guimain.cpp">
      <Filter>Source Files\gui</Filter>
    </ClCompile>
    <ClCompile Include="src\gui\infomessage.cpp">
      <Filter>Source Files\gui</Filter>
    </ClCompile>
    <ClCompile Include="src\gui\inputautolistener.cpp">
      <Filter>Source Files\gui</Filter>
    </ClCompile>
    <ClCompile Include="src\gui\inputcfg.cpp">
      <Filter>Source Files\gui</Filter>
    </ClCompile>
    <ClCompile Include="src\gui\joystickevent.cpp">
      <Filter>Source Files\gui</Filter>
    </ClCompile>
    <ClCompile Include="src\gui\joystickinput.cpp">
      <Filter>Source Files\gui</Filter>
    </ClCompile>
    <ClCompile Include="src\gui\katgui.cpp">
      <Filter>Source Files\gui</Filter>
    </ClCompile>
    <ClCompile Include="src\gui\katmenu.cpp">
      <Filter>Source Files\gui</Filter>
    </ClCompile>
    <ClCompile Include="src\gui\katmenulistener.cpp">
      <Filter>Source Files\gui</Filter>
    </ClCompile>
    <ClCompile Include="src\gui\log.cpp">
      <Filter>Source Files\gui</Filter>
    </ClCompile>
    <ClCompile Include="src\gui\mediacfg.cpp">
      <Filter>Source Files\gui</Filter>
    </ClCompile>
    <ClCompile Include="src\gui\mediacreate.cpp">
      <Filter>Source Files\gui</Filter>
    </ClCompile>
    <ClCompile Include="src\gui\menubar.cpp">
      <Filter>Source Files\gui</Filter>
    </ClCompile>
    <ClCompile Include="src\gui\menuitem.cpp">
      <Filter>Source Files\gui</Filter>
    </ClCompile>
    <ClCompile Include="src\gui\menutop.cpp">
      <Filter>Source Files\gui</Filter>
    </ClCompile>
    <ClCompile Include="src\gui\palettecfg.cpp">
      <Filter>Source Files\gui</Filter>
    </ClCompile>
    <ClCompile Include="src\gui\profilechooser.cpp">
      <Filter>Source Files\gui</Filter>
    </ClCompile>
    <ClCompile Include="src\gui\romlauncher.cpp">
      <Filter>Source Files\gui</Filter>
    </ClCompile>
    <ClCompile Include="src\gui\romlauncherlistener.cpp">
      <Filter>Source Files\gui</Filter>
    </ClCompile>
    <ClCompile Include="src\gui\romlaunchermenu.cpp">
      <Filter>Source Files\gui</Filter>
    </ClCompile>
    <ClCompile Include="src\gui\romlauncheroptions.cpp">
      <Filter>Source Files\gui</Filter>
    </ClCompile>
    <ClCompile Include="src\gui\sdlguiinput.cpp">
      <Filter>Source Files\gui</Filter>
    </ClCompile>
    <ClCompile Include="src\gui\soundcfg.cpp">
      <Filter>Source Files\gui</Filter>
    </ClCompile>
    <ClCompile Include="src\gui\tabbedwindow.cpp">
      <Filter>Source Files\gui</Filter>
    </ClCompile>
    <ClCompile Include="src\gui\throttle.cpp">
      <Filter>Source Files\gui</Filter>
    </ClCompile>
    <ClCompile Include="src\gui\userinterfacecfg.cpp">
      <Filter>Source Files\gui</Filter>
    </ClCompile>
    <ClCompile Include="src\gui\videocfg.cpp">
      <Filter>Source Files\gui</Filter>
    </ClCompile>
    <ClCompile Include="src\gui\window.cpp">
      <Filter>Source Files\gui</Filter>
    </ClCompile>
    <ClCompile Include="src\gui\wizard.cpp">
      <Filter>Source Files\gui</Filter>
    </ClCompile>
    <ClCompile Include="SQLITE3\sqlite3.c">
      <Filter>SQLITE3</Filter>
    </ClCompile>
  </ItemGroup>
  <ItemGroup>
    <ResourceCompile Include="resources\kat5200.rc">
      <Filter>Resource Files</Filter>
    </ResourceCompile>
  </ItemGroup>
  <ItemGroup>
    <ClInclude Include="SQLITE3\sqlite3.h">
      <Filter>SQLITE3</Filter>
    </ClInclude>
    <ClInclude Include="SQLITE3\sqlite3ext.h">
      <Filter>SQLITE3</Filter>
    </ClInclude>
  </ItemGroup>
</Project>