<?xml version="1.0" encoding="utf-8"?>
<Project ToolsVersion="4.0" xmlns="http://schemas.microsoft.com/developer/msbuild/2003">
  <ItemGroup>
    <Filter Include="Source Files">
      <UniqueIdentifier>{4FC737F1-C7A5-4376-A066-2A32D752A2FF}</UniqueIdentifier>
      <Extensions>cpp;c;cc;cxx;def;odl;idl;hpj;bat;asm;asmx</Extensions>
    </Filter>
    <Filter Include="Header Files">
      <UniqueIdentifier>{93995380-89BD-4b04-88EB-625FBE52EBFB}</UniqueIdentifier>
      <Extensions>h;hpp;hxx;hm;inl;inc;xsd</Extensions>
    </Filter>
    <Filter Include="Resource Files">
      <UniqueIdentifier>{67DA6AB6-F800-4c08-8B7A-83BB121AAD01}</UniqueIdentifier>
      <Extensions>rc;ico;cur;bmp;dlg;rc2;rct;bin;rgs;gif;jpg;jpeg;jpe;resx;tiff;tif;png;wav</Extensions>
    </Filter>
  </ItemGroup>
  <ItemGroup>
    <ClCompile Include="$(ZLIB_DIR)\adler32.c">
      <Filter>Source Files</Filter>
    </ClCompile>
    <ClCompile Include="$(ZLIB_DIR)\compress.c">
      <Filter>Source Files</Filter>
    </ClCompile>
    <ClCompile Include="$(ZLIB_DIR)\crc32.c">
      <Filter>Source Files</Filter>
    </ClCompile>
    <ClCompile Include="$(ZLIB_DIR)\deflate.c">
      <Filter>Source Files</Filter>
    </ClCompile>
    <ClCompile Include="$(ZLIB_DIR)\infback.c">
      <Filter>Source Files</Filter>
    </ClCompile>
    <ClCompile Include="$(ZLIB_DIR)\inffast.c">
      <Filter>Source Files</Filter>
    </ClCompile>
    <ClCompile Include="$(ZLIB_DIR)\inflate.c">
      <Filter>Source Files</Filter>
    </ClCompile>
    <ClCompile Include="$(ZLIB_DIR)\inftrees.c">
      <Filter>Source Files</Filter>
    </ClCompile>
    <ClCompile Include="$(ZLIB_DIR)\trees.c">
      <Filter>Source Files</Filter>
    </ClCompile>
    <ClCompile Include="$(ZLIB_DIR)\uncompr.c">
      <Filter>Source Files</Filter>
    </ClCompile>
    <ClCompile Include="$(ZLIB_DIR)\zutil.c">
      <Filter>Source Files</Filter>
    </ClCompile>
    <ClCompile Include="libs\zlib-1.2.8\gzlib.c">
      <Filter>Source Files</Filter>
    </ClCompile>
    <ClCompile Include="libs\zlib-1.2.8\gzread.c">
      <Filter>Source Files</Filter>
    </ClCompile>
    <ClCompile Include="libs\zlib-1.2.8\gzwrite.c">
      <Filter>Source Files</Filter>
    </ClCompile>
    <ClCompile Include="libs\zlib-1.2.8\gzclose.c">
      <Filter>Source Files</Filter>
    </ClCompile>
  </ItemGroup>
  <ItemGroup>
    <ClInclude Include="$(ZLIB_DIR)\crc32.h">
      <Filter>Header Files</Filter>
    </ClInclude>
    <ClInclude Include="$(ZLIB_DIR)\deflate.h">
      <Filter>Header Files</Filter>
    </ClInclude>
    <ClInclude Include="$(ZLIB_DIR)\inffast.h">
      <Filter>Header Files</Filter>
    </ClInclude>
    <ClInclude Include="$(ZLIB_DIR)\inffixed.h">
      <Filter>Header Files</Filter>
    </ClInclude>
    <ClInclude Include="$(ZLIB_DIR)\inflate.h">
      <Filter>Header Files</Filter>
    </ClInclude>
    <ClInclude Include="$(ZLIB_DIR)\inftrees.h">
      <Filter>Header Files</Filter>
    </ClInclude>
    <ClInclude Include="$(ZLIB_DIR)\trees.h">
      <Filter>Header Files</Filter>
    </ClInclude>
    <ClInclude Include="$(ZLIB_DIR)\zconf.h">
      <Filter>Header Files</Filter>
    </ClInclude>
    <ClInclude Include="$(ZLIB_DIR)\zlib.h">
      <Filter>Header Files</Filter>
    </ClInclude>
    <ClInclude Include="$(ZLIB_DIR)\zutil.h">
      <Filter>Header Files</Filter>
    </ClInclude>
    <ClInclude Include="libs\zlib-1.2.8\gzguts.h">
      <Filter>Source Files</Filter>
    </ClInclude>
  </ItemGroup>
  <ItemGroup>
    <None Include="ReadMe.txt" />
  </ItemGroup>
</Project>